Microsoft Visual Studio Solution File, Format Version 12.00
# Visual Studio 15
VisualStudioVersion = 15.0.26730.16
MinimumVisualStudioVersion = 10.0.40219.1
Project("{FAE04EC0-301F-11D3-BF4B-00C04F79EFBC}") = "Listard", "Listard\Listard.csproj", "{D088EB91-00DC-4615-8CC9-8AB229C0821D}"
EndProject
Project("{FAE04EC0-301F-11D3-BF4B-00C04F79EFBC}") = "Listard.Tests", "Listard.Tests\Listard.Tests.csproj", "{4005EE45-FF23-42B1-9EE3-11DC3B65DAC3}"
EndProject
Project("{FAE04EC0-301F-11D3-BF4B-00C04F79EFBC}") = "StupidUnitTest", "StupidUnitTest\StupidUnitTest.csproj", "{A1C887B1-4EC8-4102-AD45-19EC33902DC0}"
EndProject
Global
	GlobalSection(SolutionConfigurationPlatforms) = preSolution
		Debug|Any CPU = Debug|Any CPU
		Debug|x86 = Debug|x86
		Release|Any CPU = Release|Any CPU
		Release|x86 = Release|x86
	EndGlobalSection
	GlobalSection(ProjectConfigurationPlatforms) = postSolution
		{D088EB91-00DC-4615-8CC9-8AB229C0821D}.Debug|Any CPU.ActiveCfg = Debug|x86
		{D088EB91-00DC-4615-8CC9-8AB229C0821D}.Debug|x86.ActiveCfg = Debug|x86
		{D088EB91-00DC-4615-8CC9-8AB229C0821D}.Debug|x86.Build.0 = Debug|x86
		{D088EB91-00DC-4615-8CC9-8AB229C0821D}.Release|Any CPU.ActiveCfg = Release|x86
		{D088EB91-00DC-4615-8CC9-8AB229C0821D}.Release|x86.ActiveCfg = Release|x86
		{D088EB91-00DC-4615-8CC9-8AB229C0821D}.Release|x86.Build.0 = Release|x86
		{4005EE45-FF23-42B1-9EE3-11DC3B65DAC3}.Debug|Any CPU.ActiveCfg = Debug|Any CPU
		{4005EE45-FF23-42B1-9EE3-11DC3B65DAC3}.Debug|Any CPU.Build.0 = Debug|Any CPU
		{4005EE45-FF23-42B1-9EE3-11DC3B65DAC3}.Debug|x86.ActiveCfg = Debug|Any CPU
		{4005EE45-FF23-42B1-9EE3-11DC3B65DAC3}.Debug|x86.Build.0 = Debug|Any CPU
		{4005EE45-FF23-42B1-9EE3-11DC3B65DAC3}.Release|Any CPU.ActiveCfg = Release|Any CPU
		{4005EE45-FF23-42B1-9EE3-11DC3B65DAC3}.Release|Any CPU.Build.0 = Release|Any CPU
		{4005EE45-FF23-42B1-9EE3-11DC3B65DAC3}.Release|x86.ActiveCfg = Release|Any CPU
		{4005EE45-FF23-42B1-9EE3-11DC3B65DAC3}.Release|x86.Build.0 = Release|Any CPU
		{A1C887B1-4EC8-4102-AD45-19EC33902DC0}.Debug|Any CPU.ActiveCfg = Debug|Any CPU
		{A1C887B1-4EC8-4102-AD45-19EC33902DC0}.Debug|Any CPU.Build.0 = Debug|Any CPU
		{A1C887B1-4EC8-4102-AD45-19EC33902DC0}.Debug|x86.ActiveCfg = Debug|Any CPU
		{A1C887B1-4EC8-4102-AD45-19EC33902DC0}.Debug|x86.Build.0 = Debug|Any CPU
		{A1C887B1-4EC8-4102-AD45-19EC33902DC0}.Release|Any CPU.ActiveCfg = Release|Any CPU
		{A1C887B1-4EC8-4102-AD45-19EC33902DC0}.Release|Any CPU.Build.0 = Release|Any CPU
		{A1C887B1-4EC8-4102-AD45-19EC33902DC0}.Release|x86.ActiveCfg = Release|Any CPU
		{A1C887B1-4EC8-4102-AD45-19EC33902DC0}.Release|x86.Build.0 = Release|Any CPU
	EndGlobalSection
	GlobalSection(SolutionProperties) = preSolution
		HideSolutionNode = FALSE
	EndGlobalSection
	GlobalSection(ExtensibilityGlobals) = postSolution
		SolutionGuid = {D1190754-00B2-4584-B607-59594519FBF9}
	EndGlobalSection
EndGlobal
